
Microsoft Visual Studio Solution File, Format Version 12.00
# Visual Studio Version 17
VisualStudioVersion = 17.14.37012.4
MinimumVisualStudioVersion = 10.0.40219.1
Project("{D2ABAB84-BF74-430A-B69E-9DC6D40DDA17}") = "AdventureWorksSSAS", "AdventureWorksSSAS.dwproj", "{487EEEA8-89C9-195D-8BE8-FDA1C07DCD09}"
EndProject
Global
	GlobalSection(SolutionConfigurationPlatforms) = preSolution
		Development|Default = Development|Default
	EndGlobalSection
	GlobalSection(ProjectConfigurationPlatforms) = postSolution
		{487EEEA8-89C9-195D-8BE8-FDA1C07DCD09}.Development|Default.ActiveCfg = Development
		{487EEEA8-89C9-195D-8BE8-FDA1C07DCD09}.Development|Default.Build.0 = Development
		{487EEEA8-89C9-195D-8BE8-FDA1C07DCD09}.Development|Default.Deploy.0 = Development
	EndGlobalSection
	GlobalSection(SolutionProperties) = preSolution
		HideSolutionNode = FALSE
	EndGlobalSection
	GlobalSection(ExtensibilityGlobals) = postSolution
		SolutionGuid = {E66F3C4C-F8C8-4F87-A80A-92ED320A42E3}
	EndGlobalSection
EndGlobal
